{
  "name": "mvp-movie-scenes-miner",
  "lockfileVersion": 1,
  "requires": true,
  "packages": {
    "": {
      "name": "mvp-movie-scenes-miner",
      "version": "0.2.0",
      "dependencies": {
        "express": "^4.18.2",
        "pg": "^8.10.0",
        "node-cron": "^3.0.2",
        "playwright": "^1.40.0",
        "googleapis": "^124.0.0",
        "dayjs": "^1.11.9",
        "dotenv": "^16.0.3",
        "normalize-text": "^1.0.3"
      }
    }
  },
  "dependencies": {
    "express": {
      "version": "4.18.2"
    },
    "pg": {
      "version": "8.10.0"
    },
    "node-cron": {
      "version": "3.0.2"
    },
    "playwright": {
      "version": "1.40.0"
    },
    "googleapis": {
      "version": "124.0.0"
    },
    "dayjs": {
      "version": "1.11.9"
    },
    "dotenv": {
      "version": "16.0.3"
    },
    "normalize-text": {
      "version": "1.0.3"
    }
  }
}

Criar package-lock.json manual para evitar erro npm ci

